Microsoft Visual Studio Solution File, Format Version 10.00
# Visual Studio 2008
Project("{FAE04EC0-301F-11D3-BF4B-00C04F79EFBC}") = "TimeReport", "TimeRaport\TimeReport.csproj", "{3EC39A61-8896-4CD3-B1DD-315A05305AF1}"
EndProject
Project("{FAE04EC0-301F-11D3-BF4B-00C04F79EFBC}") = "FreshUserControls", "ClockForm\FreshUserControls.csproj", "{55571464-248A-42D3-AFD7-D8B2B20703F9}"
EndProject
Global
	GlobalSection(SolutionConfigurationPlatforms) = preSolution
		Debug|Any CPU = Debug|Any CPU
		Release|Any CPU = Release|Any CPU
	EndGlobalSection
	GlobalSection(ProjectConfigurationPlatforms) = postSolution
		{3EC39A61-8896-4CD3-B1DD-315A05305AF1}.Debug|Any CPU.ActiveCfg = Debug|Any CPU
		{3EC39A61-8896-4CD3-B1DD-315A05305AF1}.Debug|Any CPU.Build.0 = Debug|Any CPU
		{3EC39A61-8896-4CD3-B1DD-315A05305AF1}.Release|Any CPU.ActiveCfg = Release|Any CPU
		{3EC39A61-8896-4CD3-B1DD-315A05305AF1}.Release|Any CPU.Build.0 = Release|Any CPU
		{55571464-248A-42D3-AFD7-D8B2B20703F9}.Debug|Any CPU.ActiveCfg = Debug|Any CPU
		{55571464-248A-42D3-AFD7-D8B2B20703F9}.Debug|Any CPU.Build.0 = Debug|Any CPU
		{55571464-248A-42D3-AFD7-D8B2B20703F9}.Release|Any CPU.ActiveCfg = Release|Any CPU
		{55571464-248A-42D3-AFD7-D8B2B20703F9}.Release|Any CPU.Build.0 = Release|Any CPU
	EndGlobalSection
	GlobalSection(SolutionProperties) = preSolution
		HideSolutionNode = FALSE
	EndGlobalSection
EndGlobal
